
Microsoft Visual Studio Solution File, Format Version 12.00
# Visual Studio 15
VisualStudioVersion = 15.0.27703.2035
MinimumVisualStudioVersion = 10.0.40219.1
Project("{FAE04EC0-301F-11D3-BF4B-00C04F79EFBC}") = "GameJolt", "GameJolt\GameJolt.csproj", "{BAE8A2A2-06B0-42F9-B84F-6A94D7D53F30}"
EndProject
Global
	GlobalSection(SolutionConfigurationPlatforms) = preSolution
		Debug|Any CPU = Debug|Any CPU
		Release|Any CPU = Release|Any CPU
	EndGlobalSection
	GlobalSection(ProjectConfigurationPlatforms) = postSolution
		{BAE8A2A2-06B0-42F9-B84F-6A94D7D53F30}.Debug|Any CPU.ActiveCfg = Debug|Any CPU
		{BAE8A2A2-06B0-42F9-B84F-6A94D7D53F30}.Debug|Any CPU.Build.0 = Debug|Any CPU
		{BAE8A2A2-06B0-42F9-B84F-6A94D7D53F30}.Release|Any CPU.ActiveCfg = Release|Any CPU
		{BAE8A2A2-06B0-42F9-B84F-6A94D7D53F30}.Release|Any CPU.Build.0 = Release|Any CPU
	EndGlobalSection
	GlobalSection(SolutionProperties) = preSolution
		HideSolutionNode = FALSE
	EndGlobalSection
	GlobalSection(ExtensibilityGlobals) = postSolution
		SolutionGuid = {C902D88F-9C0E-4797-B776-2316FAE62562}
	EndGlobalSection
EndGlobal
